// !$*UTF8*$!
{
	archiveVersion = 1;
	classes = {
	};
	objectVersion = 50;
	objects = {

/* Begin PBXBuildFile section */
		95CBFE92257DCCFC00CCAB29 /* AppDelegate.swift in Sources */ = {isa = PBXBuildFile; fileRef = 95CBFE91257DCCFC00CCAB29 /* AppDelegate.swift */; };
		95CBFE94257DCCFC00CCAB29 /* SceneDelegate.swift in Sources */ = {isa = PBXBuildFile; fileRef = 95CBFE93257DCCFC00CCAB29 /* SceneDelegate.swift */; };
		95CBFE96257DCCFC00CCAB29 /* ViewController.swift in Sources */ = {isa = PBXBuildFile; fileRef = 95CBFE95257DCCFC00CCAB29 /* ViewController.swift */; };
		95CBFE99257DCCFC00CCAB29 /* Main.storyboard in Resources */ = {isa = PBXBuildFile; fileRef = 95CBFE97257DCCFC00CCAB29 /* Main.storyboard */; };
		95CBFE9B257DCD0000CCAB29 /* Assets.xcassets in Resources */ = {isa = PBXBuildFile; fileRef = 95CBFE9A257DCD0000CCAB29 /* Assets.xcassets */; };
		95CBFE9E257DCD0000CCAB29 /* LaunchScreen.storyboard in Resources */ = {isa = PBXBuildFile; fileRef = 95CBFE9C257DCD0000CCAB29 /* LaunchScreen.storyboard */; };
		95CBFEA9257DCD0000CCAB29 /* CustomTabBarTests.swift in Sources */ = {isa = PBXBuildFile; fileRef = 95CBFEA8257DCD0000CCAB29 /* CustomTabBarTests.swift */; };
		95CBFEB4257DCD0000CCAB29 /* CustomTabBarUITests.swift in Sources */ = {isa = PBXBuildFile; fileRef = 95CBFEB3257DCD0000CCAB29 /* CustomTabBarUITests.swift */; };
/* End PBXBuildFile section */

/* Begin PBXContainerItemProxy section */
		95CBFEA5257DCD0000CCAB29 /* PBXContainerItemProxy */ = {
			isa = PBXContainerItemProxy;
			containerPortal = 95CBFE86257DCCFC00CCAB29 /* Project object */;
			proxyType = 1;
			remoteGlobalIDString = 95CBFE8D257DCCFC00CCAB29;
			remoteInfo = CustomTabBar;
		};
		95CBFEB0257DCD0000CCAB29 /* PBXContainerItemProxy */ = {
			isa = PBXContainerItemProxy;
			containerPortal = 95CBFE86257DCCFC00CCAB29 /* Project object */;
			proxyType = 1;
			remoteGlobalIDString = 95CBFE8D257DCCFC00CCAB29;
			remoteInfo = CustomTabBar;
		};
/* End PBXContainerItemProxy section */

/* Begin PBXFileReference section */
		95CBFE8E257DCCFC00CCAB29 /* CustomTabBar.app */ = {isa = PBXFileReference; explicitFileType = wrapper.application; includeInIndex = 0; path = CustomTabBar.app; sourceTree = BUILT_PRODUCTS_DIR; };
		95CBFE91257DCCFC00CCAB29 /* AppDelegate.swift */ = {isa = PBXFileReference; lastKnownFileType = sourcecode.swift; path = AppDelegate.swift; sourceTree = "<group>"; };
		95CBFE93257DCCFC00CCAB29 /* SceneDelegate.swift */ = {isa = PBXFileReference; lastKnownFileType = sourcecode.swift; path = SceneDelegate.swift; sourceTree = "<group>"; };
		95CBFE95257DCCFC00CCAB29 /* ViewController.swift */ = {isa = PBXFileReference; lastKnownFileType = sourcecode.swift; path = ViewController.swift; sourceTree = "<group>"; };
		95CBFE98257DCCFC00CCAB29 /* Base */ = {isa = PBXFileReference; lastKnownFileType = file.storyboard; name = Base; path = Base.lproj/Main.storyboard; sourceTree = "<group>"; };
		95CBFE9A257DCD0000CCAB29 /* Assets.xcassets */ = {isa = PBXFileReference; lastKnownFileType = folder.assetcatalog; path = Assets.xcassets; sourceTree = "<group>"; };
		95CBFE9D257DCD0000CCAB29 /* Base */ = {isa = PBXFileReference; lastKnownFileType = file.storyboard; name = Base; path = Base.lproj/LaunchScreen.storyboard; sourceTree = "<group>"; };
		95CBFE9F257DCD0000CCAB29 /* Info.plist */ = {isa = PBXFileReference; lastKnownFileType = text.plist.xml; path = Info.plist; sourceTree = "<group>"; };
		95CBFEA4257DCD0000CCAB29 /* CustomTabBarTests.xctest */ = {isa = PBXFileReference; explicitFileType = wrapper.cfbundle; includeInIndex = 0; path = CustomTabBarTests.xctest; sourceTree = BUILT_PRODUCTS_DIR; };
		95CBFEA8257DCD0000CCAB29 /* CustomTabBarTests.swift */ = {isa = PBXFileReference; lastKnownFileType = sourcecode.swift; path = CustomTabBarTests.swift; sourceTree = "<group>"; };
		95CBFEAA257DCD0000CCAB29 /* Info.plist */ = {isa = PBXFileReference; lastKnownFileType = text.plist.xml; path = Info.plist; sourceTree = "<group>"; };
		95CBFEAF257DCD0000CCAB29 /* CustomTabBarUITests.xctest */ = {isa = PBXFileReference; explicitFileType = wrapper.cfbundle; includeInIndex = 0; path = CustomTabBarUITests.xctest; sourceTree = BUILT_PRODUCTS_DIR; };
		95CBFEB3257DCD0000CCAB29 /* CustomTabBarUITests.swift */ = {isa = PBXFileReference; lastKnownFileType = sourcecode.swift; path = CustomTabBarUITests.swift; sourceTree = "<group>"; };
		95CBFEB5257DCD0000CCAB29 /* Info.plist */ = {isa = PBXFileReference; lastKnownFileType = text.plist.xml; path = Info.plist; sourceTree = "<group>"; };
/* End PBXFileReference section */

/* Begin PBXFrameworksBuildPhase section */
		95CBFE8B257DCCFC00CCAB29 /* Frameworks */ = {
			isa = PBXFrameworksBuildPhase;
			buildActionMask = 2147483647;
			files = (
			);
			runOnlyForDeploymentPostprocessing = 0;
		};
		95CBFEA1257DCD0000CCAB29 /* Frameworks */ = {
			isa = PBXFrameworksBuildPhase;
			buildActionMask = 2147483647;
			files = (
			);
			runOnlyForDeploymentPostprocessing = 0;
		};
		95CBFEAC257DCD0000CCAB29 /* Frameworks */ = {
			isa = PBXFrameworksBuildPhase;
			buildActionMask = 2147483647;
			files = (
			);
			runOnlyForDeploymentPostprocessing = 0;
		};
/* End PBXFrameworksBuildPhase section */

/* Begin PBXGroup section */
		95CBFE85257DCCFC00CCAB29 = {
			isa = PBXGroup;
			children = (
				95CBFE90257DCCFC00CCAB29 /* CustomTabBar */,
				95CBFEA7257DCD0000CCAB29 /* CustomTabBarTests */,
				95CBFEB2257DCD0000CCAB29 /* CustomTabBarUITests */,
				95CBFE8F257DCCFC00CCAB29 /* Products */,
			);
			sourceTree = "<group>";
		};
		95CBFE8F257DCCFC00CCAB29 /* Products */ = {
			isa = PBXGroup;
			children = (
				95CBFE8E257DCCFC00CCAB29 /* CustomTabBar.app */,
				95CBFEA4257DCD0000CCAB29 /* CustomTabBarTests.xctest */,
				95CBFEAF257DCD0000CCAB29 /* CustomTabBarUITests.xctest */,
			);
			name = Products;
			sourceTree = "<group>";
		};
		95CBFE90257DCCFC00CCAB29 /* CustomTabBar */ = {
			isa = PBXGroup;
			children = (
				95CBFE91257DCCFC00CCAB29 /* AppDelegate.swift */,
				95CBFE93257DCCFC00CCAB29 /* SceneDelegate.swift */,
				95CBFE95257DCCFC00CCAB29 /* ViewController.swift */,
				95CBFE97257DCCFC00CCAB29 /* Main.storyboard */,
				95CBFE9A257DCD0000CCAB29 /* Assets.xcassets */,
				95CBFE9C257DCD0000CCAB29 /* LaunchScreen.storyboard */,
				95CBFE9F257DCD0000CCAB29 /* Info.plist */,
			);
			path = CustomTabBar;
			sourceTree = "<group>";
		};
		95CBFEA7257DCD0000CCAB29 /* CustomTabBarTests */ = {
			isa = PBXGroup;
			children = (
				95CBFEA8257DCD0000CCAB29 /* CustomTabBarTests.swift */,
				95CBFEAA257DCD0000CCAB29 /* Info.plist */,
			);
			path = CustomTabBarTests;
			sourceTree = "<group>";
		};
		95CBFEB2257DCD0000CCAB29 /* CustomTabBarUITests */ = {
			isa = PBXGroup;
			children = (
				95CBFEB3257DCD0000CCAB29 /* CustomTabBarUITests.swift */,
				95CBFEB5257DCD0000CCAB29 /* Info.plist */,
			);
			path = CustomTabBarUITests;
			sourceTree = "<group>";
		};
/* End PBXGroup section */

/* Begin PBXNativeTarget section */
		95CBFE8D257DCCFC00CCAB29 /* CustomTabBar */ = {
			isa = PBXNativeTarget;
			buildConfigurationList = 95CBFEB8257DCD0000CCAB29 /* Build configuration list for PBXNativeTarget "CustomTabBar" */;
			buildPhases = (
				95CBFE8A257DCCFC00CCAB29 /* Sources */,
				95CBFE8B257DCCFC00CCAB29 /* Frameworks */,
				95CBFE8C257DCCFC00CCAB29 /* Resources */,
			);
			buildRules = (
			);
			dependencies = (
			);
			name = CustomTabBar;
			productName = CustomTabBar;
			productReference = 95CBFE8E257DCCFC00CCAB29 /* CustomTabBar.app */;
			productType = "com.apple.product-type.application";
		};
		95CBFEA3257DCD0000CCAB29 /* CustomTabBarTests */ = {
			isa = PBXNativeTarget;
			buildConfigurationList = 95CBFEBB257DCD0000CCAB29 /* Build configuration list for PBXNativeTarget "CustomTabBarTests" */;
			buildPhases = (
				95CBFEA0257DCD0000CCAB29 /* Sources */,
				95CBFEA1257DCD0000CCAB29 /* Frameworks */,
				95CBFEA2257DCD0000CCAB29 /* Resources */,
			);
			buildRules = (
			);
			dependencies = (
				95CBFEA6257DCD0000CCAB29 /* PBXTargetDependency */,
			);
			name = CustomTabBarTests;
			productName = CustomTabBarTests;
			productReference = 95CBFEA4257DCD0000CCAB29 /* CustomTabBarTests.xctest */;
			productType = "com.apple.product-type.bundle.unit-test";
		};
		95CBFEAE257DCD0000CCAB29 /* CustomTabBarUITests */ = {
			isa = PBXNativeTarget;
			buildConfigurationList = 95CBFEBE257DCD0000CCAB29 /* Build configuration list for PBXNativeTarget "CustomTabBarUITests" */;
			buildPhases = (
				95CBFEAB257DCD0000CCAB29 /* Sources */,
				95CBFEAC257DCD0000CCAB29 /* Frameworks */,
				95CBFEAD257DCD0000CCAB29 /* Resources */,
			);
			buildRules = (
			);
			dependencies = (
				95CBFEB1257DCD0000CCAB29 /* PBXTargetDependency */,
			);
			name = CustomTabBarUITests;
			productName = CustomTabBarUITests;
			productReference = 95CBFEAF257DCD0000CCAB29 /* CustomTabBarUITests.xctest */;
			productType = "com.apple.product-type.bundle.ui-testing";
		};
/* End PBXNativeTarget section */

/* Begin PBXProject section */
		95CBFE86257DCCFC00CCAB29 /* Project object */ = {
			isa = PBXProject;
			attributes = {
				LastSwiftUpdateCheck = 1220;
				LastUpgradeCheck = 1220;
				TargetAttributes = {
					95CBFE8D257DCCFC00CCAB29 = {
						CreatedOnToolsVersion = 12.2;
					};
					95CBFEA3257DCD0000CCAB29 = {
						CreatedOnToolsVersion = 12.2;
						TestTargetID = 95CBFE8D257DCCFC00CCAB29;
					};
					95CBFEAE257DCD0000CCAB29 = {
						CreatedOnToolsVersion = 12.2;
						TestTargetID = 95CBFE8D257DCCFC00CCAB29;
					};
				};
			};
			buildConfigurationList = 95CBFE89257DCCFC00CCAB29 /* Build configuration list for PBXProject "CustomTabBar" */;
			compatibilityVersion = "Xcode 9.3";
			developmentRegion = en;
			hasScannedForEncodings = 0;
			knownRegions = (
				en,
				Base,
			);
			mainGroup = 95CBFE85257DCCFC00CCAB29;
			productRefGroup = 95CBFE8F257DCCFC00CCAB29 /* Products */;
			projectDirPath = "";
			projectRoot = "";
			targets = (
				95CBFE8D257DCCFC00CCAB29 /* CustomTabBar */,
				95CBFEA3257DCD0000CCAB29 /* CustomTabBarTests */,
				95CBFEAE257DCD0000CCAB29 /* CustomTabBarUITests */,
			);
		};
/* End PBXProject section */

/* Begin PBXResourcesBuildPhase section */
		95CBFE8C257DCCFC00CCAB29 /* Resources */ = {
			isa = PBXResourcesBuildPhase;
			buildActionMask = 2147483647;
			files = (
				95CBFE9E257DCD0000CCAB29 /* LaunchScreen.storyboard in Resources */,
				95CBFE9B257DCD0000CCAB29 /* Assets.xcassets in Resources */,
				95CBFE99257DCCFC00CCAB29 /* Main.storyboard in Resources */,
			);
			runOnlyForDeploymentPostprocessing = 0;
		};
		95CBFEA2257DCD0000CCAB29 /* Resources */ = {
			isa = PBXResourcesBuildPhase;
			buildActionMask = 2147483647;
			files = (
			);
			runOnlyForDeploymentPostprocessing = 0;
		};
		95CBFEAD257DCD0000CCAB29 /* Resources */ = {
			isa = PBXResourcesBuildPhase;
			buildActionMask = 2147483647;
			files = (
			);
			runOnlyForDeploymentPostprocessing = 0;
		};
/* End PBXResourcesBuildPhase section */

/* Begin PBXSourcesBuildPhase section */
		95CBFE8A257DCCFC00CCAB29 /* Sources */ = {
			isa = PBXSourcesBuildPhase;
			buildActionMask = 2147483647;
			files = (
				95CBFE96257DCCFC00CCAB29 /* ViewController.swift in Sources */,
				95CBFE92257DCCFC00CCAB29 /* AppDelegate.swift in Sources */,
				95CBFE94257DCCFC00CCAB29 /* SceneDelegate.swift in Sources */,
			);
			runOnlyForDeploymentPostprocessing = 0;
		};
		95CBFEA0257DCD0000CCAB29 /* Sources */ = {
			isa = PBXSourcesBuildPhase;
			buildActionMask = 2147483647;
			files = (
				95CBFEA9257DCD0000CCAB29 /* CustomTabBarTests.swift in Sources */,
			);
			runOnlyForDeploymentPostprocessing = 0;
		};
		95CBFEAB257DCD0000CCAB29 /* Sources */ = {
			isa = PBXSourcesBuildPhase;
			buildActionMask = 2147483647;
			files = (
				95CBFEB4257DCD0000CCAB29 /* CustomTabBarUITests.swift in Sources */,
			);
			runOnlyForDeploymentPostprocessing = 0;
		};
/* End PBXSourcesBuildPhase section */

/* Begin PBXTargetDependency section */
		95CBFEA6257DCD0000CCAB29 /* PBXTargetDependency */ = {
			isa = PBXTargetDependency;
			target = 95CBFE8D257DCCFC00CCAB29 /* CustomTabBar */;
			targetProxy = 95CBFEA5257DCD0000CCAB29 /* PBXContainerItemProxy */;
		};
		95CBFEB1257DCD0000CCAB29 /* PBXTargetDependency */ = {
			isa = PBXTargetDependency;
			target = 95CBFE8D257DCCFC00CCAB29 /* CustomTabBar */;
			targetProxy = 95CBFEB0257DCD0000CCAB29 /* PBXContainerItemProxy */;
		};
/* End PBXTargetDependency section */

/* Begin PBXVariantGroup section */
		95CBFE97257DCCFC00CCAB29 /* Main.storyboard */ = {
			isa = PBXVariantGroup;
			children = (
				95CBFE98257DCCFC00CCAB29 /* Base */,
			);
			name = Main.storyboard;
			sourceTree = "<group>";
		};
		95CBFE9C257DCD0000CCAB29 /* LaunchScreen.storyboard */ = {
			isa = PBXVariantGroup;
			children = (
				95CBFE9D257DCD0000CCAB29 /* Base */,
			);
			name = LaunchScreen.storyboard;
			sourceTree = "<group>";
		};
/* End PBXVariantGroup section */

/* Begin XCBuildConfiguration section */
		95CBFEB6257DCD0000CCAB29 /* Debug */ = {
			isa = XCBuildConfiguration;
			buildSettings = {
				ALWAYS_SEARCH_USER_PATHS = NO;
				CLANG_ANALYZER_NONNULL = YES;
				CLANG_ANALYZER_NUMBER_OBJECT_CONVERSION = YES_AGGRESSIVE;
				CLANG_CXX_LANGUAGE_STANDARD = "gnu++14";
				CLANG_CXX_LIBRARY = "libc++";
				CLANG_ENABLE_MODULES = YES;
				CLANG_ENABLE_OBJC_ARC = YES;
				CLANG_ENABLE_OBJC_WEAK = YES;
				CLANG_WARN_BLOCK_CAPTURE_AUTORELEASING = YES;
				CLANG_WARN_BOOL_CONVERSION = YES;
				CLANG_WARN_COMMA = YES;
				CLANG_WARN_CONSTANT_CONVERSION = YES;
				CLANG_WARN_DEPRECATED_OBJC_IMPLEMENTATIONS = YES;
				CLANG_WARN_DIRECT_OBJC_ISA_USAGE = YES_ERROR;
				CLANG_WARN_DOCUMENTATION_COMMENTS = YES;
				CLANG_WARN_EMPTY_BODY = YES;
				CLANG_WARN_ENUM_CONVERSION = YES;
				CLANG_WARN_INFINITE_RECURSION = YES;
				CLANG_WARN_INT_CONVERSION = YES;
				CLANG_WARN_NON_LITERAL_NULL_CONVERSION = YES;
				CLANG_WARN_OBJC_IMPLICIT_RETAIN_SELF = YES;
				CLANG_WARN_OBJC_LITERAL_CONVERSION = YES;
				CLANG_WARN_OBJC_ROOT_CLASS = YES_ERROR;
				CLANG_WARN_QUOTED_INCLUDE_IN_FRAMEWORK_HEADER = YES;
				CLANG_WARN_RANGE_LOOP_ANALYSIS = YES;
				CLANG_WARN_STRICT_PROTOTYPES = YES;
				CLANG_WARN_SUSPICIOUS_MOVE = YES;
				CLANG_WARN_UNGUARDED_AVAILABILITY = YES_AGGRESSIVE;
				CLANG_WARN_UNREACHABLE_CODE = YES;
				CLANG_WARN__DUPLICATE_METHOD_MATCH = YES;
				COPY_PHASE_STRIP = NO;
				DEBUG_INFORMATION_FORMAT = dwarf;
				ENABLE_STRICT_OBJC_MSGSEND = YES;
				ENABLE_TESTABILITY = YES;
				GCC_C_LANGUAGE_STANDARD = gnu11;
				GCC_DYNAMIC_NO_PIC = NO;
				GCC_NO_COMMON_BLOCKS = YES;
				GCC_OPTIMIZATION_LEVEL = 0;
				GCC_PREPROCESSOR_DEFINITIONS = (
					"DEBUG=1",
					"$(inherited)",
				);
				GCC_WARN_64_TO_32_BIT_CONVERSION = YES;
				GCC_WARN_ABOUT_RETURN_TYPE = YES_ERROR;
				GCC_WARN_UNDECLARED_SELECTOR = YES;
				GCC_WARN_UNINITIALIZED_AUTOS = YES_AGGRESSIVE;
				GCC_WARN_UNUSED_FUNCTION = YES;
				GCC_WARN_UNUSED_VARIABLE = YES;
				IPHONEOS_DEPLOYMENT_TARGET = 14.2;
				MTL_ENABLE_DEBUG_INFO = INCLUDE_SOURCE;
				MTL_FAST_MATH = YES;
				ONLY_ACTIVE_ARCH = YES;
				SDKROOT = iphoneos;
				SWIFT_ACTIVE_COMPILATION_CONDITIONS = DEBUG;
				SWIFT_OPTIMIZATION_LEVEL = "-Onone";
			};
			name = Debug;
		};
		95CBFEB7257DCD0000CCAB29 /* Release */ = {
			isa = XCBuildConfiguration;
			buildSettings = {
				ALWAYS_SEARCH_USER_PATHS = NO;
				CLANG_ANALYZER_NONNULL = YES;
				CLANG_ANALYZER_NUMBER_OBJECT_CONVERSION = YES_AGGRESSIVE;
				CLANG_CXX_LANGUAGE_STANDARD = "gnu++14";
				CLANG_CXX_LIBRARY = "libc++";
				CLANG_ENABLE_MODULES = YES;
				CLANG_ENABLE_OBJC_ARC = YES;
				CLANG_ENABLE_OBJC_WEAK = YES;
				CLANG_WARN_BLOCK_CAPTURE_AUTORELEASING = YES;
				CLANG_WARN_BOOL_CONVERSION = YES;
				CLANG_WARN_COMMA = YES;
				CLANG_WARN_CONSTANT_CONVERSION = YES;
				CLANG_WARN_DEPRECATED_OBJC_IMPLEMENTATIONS = YES;
				CLANG_WARN_DIRECT_OBJC_ISA_USAGE = YES_ERROR;
				CLANG_WARN_DOCUMENTATION_COMMENTS = YES;
				CLANG_WARN_EMPTY_BODY = YES;
				CLANG_WARN_ENUM_CONVERSION = YES;
				CLANG_WARN_INFINITE_RECURSION = YES;
				CLANG_WARN_INT_CONVERSION = YES;
				CLANG_WARN_NON_LITERAL_NULL_CONVERSION = YES;
				CLANG_WARN_OBJC_IMPLICIT_RETAIN_SELF = YES;
				CLANG_WARN_OBJC_LITERAL_CONVERSION = YES;
				CLANG_WARN_OBJC_ROOT_CLASS = YES_ERROR;
				CLANG_WARN_QUOTED_INCLUDE_IN_FRAMEWORK_HEADER = YES;
				CLANG_WARN_RANGE_LOOP_ANALYSIS = YES;
				CLANG_WARN_STRICT_PROTOTYPES = YES;
				CLANG_WARN_SUSPICIOUS_MOVE = YES;
				CLANG_WARN_UNGUARDED_AVAILABILITY = YES_AGGRESSIVE;
				CLANG_WARN_UNREACHABLE_CODE = YES;
				CLANG_WARN__DUPLICATE_METHOD_MATCH = YES;
				COPY_PHASE_STRIP = NO;
				DEBUG_INFORMATION_FORMAT = "dwarf-with-dsym";
				ENABLE_NS_ASSERTIONS = NO;
				ENABLE_STRICT_OBJC_MSGSEND = YES;
				GCC_C_LANGUAGE_STANDARD = gnu11;
				GCC_NO_COMMON_BLOCKS = YES;
				GCC_WARN_64_TO_32_BIT_CONVERSION = YES;
				GCC_WARN_ABOUT_RETURN_TYPE = YES_ERROR;
				GCC_WARN_UNDECLARED_SELECTOR = YES;
				GCC_WARN_UNINITIALIZED_AUTOS = YES_AGGRESSIVE;
				GCC_WARN_UNUSED_FUNCTION = YES;
				GCC_WARN_UNUSED_VARIABLE = YES;
				IPHONEOS_DEPLOYMENT_TARGET = 14.2;
				MTL_ENABLE_DEBUG_INFO = NO;
				MTL_FAST_MATH = YES;
				SDKROOT = iphoneos;
				SWIFT_COMPILATION_MODE = wholemodule;
				SWIFT_OPTIMIZATION_LEVEL = "-O";
				VALIDATE_PRODUCT = YES;
			};
			name = Release;
		};
		95CBFEB9257DCD0000CCAB29 /* Debug */ = {
			isa = XCBuildConfiguration;
			buildSettings = {
				ASSETCATALOG_COMPILER_APPICON_NAME = AppIcon;
				ASSETCATALOG_COMPILER_GLOBAL_ACCENT_COLOR_NAME = AccentColor;
				CODE_SIGN_STYLE = Automatic;
				INFOPLIST_FILE = CustomTabBar/Info.plist;
				LD_RUNPATH_SEARCH_PATHS = (
					"$(inherited)",
					"@executable_path/Frameworks",
				);
				PRODUCT_BUNDLE_IDENTIFIER = com.CustomTabBar;
				PRODUCT_NAME = "$(TARGET_NAME)";
				SWIFT_VERSION = 5.0;
				TARGETED_DEVICE_FAMILY = "1,2";
			};
			name = Debug;
		};
		95CBFEBA257DCD0000CCAB29 /* Release */ = {
			isa = XCBuildConfiguration;
			buildSettings = {
				ASSETCATALOG_COMPILER_APPICON_NAME = AppIcon;
				ASSETCATALOG_COMPILER_GLOBAL_ACCENT_COLOR_NAME = AccentColor;
				CODE_SIGN_STYLE = Automatic;
				INFOPLIST_FILE = CustomTabBar/Info.plist;
				LD_RUNPATH_SEARCH_PATHS = (
					"$(inherited)",
					"@executable_path/Frameworks",
				);
				PRODUCT_BUNDLE_IDENTIFIER = com.CustomTabBar;
				PRODUCT_NAME = "$(TARGET_NAME)";
				SWIFT_VERSION = 5.0;
				TARGETED_DEVICE_FAMILY = "1,2";
			};
			name = Release;
		};
		95CBFEBC257DCD0000CCAB29 /* Debug */ = {
			isa = XCBuildConfiguration;
			buildSettings = {
				ALWAYS_EMBED_SWIFT_STANDARD_LIBRARIES = YES;
				BUNDLE_LOADER = "$(TEST_HOST)";
				CODE_SIGN_STYLE = Automatic;
				INFOPLIST_FILE = CustomTabBarTests/Info.plist;
				IPHONEOS_DEPLOYMENT_TARGET = 14.2;
				LD_RUNPATH_SEARCH_PATHS = (
					"$(inherited)",
					"@executable_path/Frameworks",
					"@loader_path/Frameworks",
				);
				PRODUCT_BUNDLE_IDENTIFIER = com.CustomTabBarTests;
				PRODUCT_NAME = "$(TARGET_NAME)";
				SWIFT_VERSION = 5.0;
				TARGETED_DEVICE_FAMILY = "1,2";
				TEST_HOST = "$(BUILT_PRODUCTS_DIR)/CustomTabBar.app/CustomTabBar";
			};
			name = Debug;
		};
		95CBFEBD257DCD0000CCAB29 /* Release */ = {
			isa = XCBuildConfiguration;
			buildSettings = {
				ALWAYS_EMBED_SWIFT_STANDARD_LIBRARIES = YES;
				BUNDLE_LOADER = "$(TEST_HOST)";
				CODE_SIGN_STYLE = Automatic;
				INFOPLIST_FILE = CustomTabBarTests/Info.plist;
				IPHONEOS_DEPLOYMENT_TARGET = 14.2;
				LD_RUNPATH_SEARCH_PATHS = (
					"$(inherited)",
					"@executable_path/Frameworks",
					"@loader_path/Frameworks",
				);
				PRODUCT_BUNDLE_IDENTIFIER = com.CustomTabBarTests;
				PRODUCT_NAME = "$(TARGET_NAME)";
				SWIFT_VERSION = 5.0;
				TARGETED_DEVICE_FAMILY = "1,2";
				TEST_HOST = "$(BUILT_PRODUCTS_DIR)/CustomTabBar.app/CustomTabBar";
			};
			name = Release;
		};
		95CBFEBF257DCD0000CCAB29 /* Debug */ = {
			isa = XCBuildConfiguration;
			buildSettings = {
				ALWAYS_EMBED_SWIFT_STANDARD_LIBRARIES = YES;
				CODE_SIGN_STYLE = Automatic;
				INFOPLIST_FILE = CustomTabBarUITests/Info.plist;
				LD_RUNPATH_SEARCH_PATHS = (
					"$(inherited)",
					"@executable_path/Frameworks",
					"@loader_path/Frameworks",
				);
				PRODUCT_BUNDLE_IDENTIFIER = com.CustomTabBarUITests;
				PRODUCT_NAME = "$(TARGET_NAME)";
				SWIFT_VERSION = 5.0;
				TARGETED_DEVICE_FAMILY = "1,2";
				TEST_TARGET_NAME = CustomTabBar;
			};
			name = Debug;
		};
		95CBFEC0257DCD0000CCAB29 /* Release */ = {
			isa = XCBuildConfiguration;
			buildSettings = {
				ALWAYS_EMBED_SWIFT_STANDARD_LIBRARIES = YES;
				CODE_SIGN_STYLE = Automatic;
				INFOPLIST_FILE = CustomTabBarUITests/Info.plist;
				LD_RUNPATH_SEARCH_PATHS = (
					"$(inherited)",
					"@executable_path/Frameworks",
					"@loader_path/Frameworks",
				);
				PRODUCT_BUNDLE_IDENTIFIER = com.CustomTabBarUITests;
				PRODUCT_NAME = "$(TARGET_NAME)";
				SWIFT_VERSION = 5.0;
				TARGETED_DEVICE_FAMILY = "1,2";
				TEST_TARGET_NAME = CustomTabBar;
			};
			name = Release;
		};
/* End XCBuildConfiguration section */

/* Begin XCConfigurationList section */
		95CBFE89257DCCFC00CCAB29 /* Build configuration list for PBXProject "CustomTabBar" */ = {
			isa = XCConfigurationList;
			buildConfigurations = (
				95CBFEB6257DCD0000CCAB29 /* Debug */,
				95CBFEB7257DCD0000CCAB29 /* Release */,
			);
			defaultConfigurationIsVisible = 0;
			defaultConfigurationName = Release;
		};
		95CBFEB8257DCD0000CCAB29 /* Build configuration list for PBXNativeTarget "CustomTabBar" */ = {
			isa = XCConfigurationList;
			buildConfigurations = (
				95CBFEB9257DCD0000CCAB29 /* Debug */,
				95CBFEBA257DCD0000CCAB29 /* Release */,
			);
			defaultConfigurationIsVisible = 0;
			defaultConfigurationName = Release;
		};
		95CBFEBB257DCD0000CCAB29 /* Build configuration list for PBXNativeTarget "CustomTabBarTests" */ = {
			isa = XCConfigurationList;
			buildConfigurations = (
				95CBFEBC257DCD0000CCAB29 /* Debug */,
				95CBFEBD257DCD0000CCAB29 /* Release */,
			);
			defaultConfigurationIsVisible = 0;
			defaultConfigurationName = Release;
		};
		95CBFEBE257DCD0000CCAB29 /* Build configuration list for PBXNativeTarget "CustomTabBarUITests" */ = {
			isa = XCConfigurationList;
			buildConfigurations = (
				95CBFEBF257DCD0000CCAB29 /* Debug */,
				95CBFEC0257DCD0000CCAB29 /* Release */,
			);
			defaultConfigurationIsVisible = 0;
			defaultConfigurationName = Release;
		};
/* End XCConfigurationList section */
	};
	rootObject = 95CBFE86257DCCFC00CCAB29 /* Project object */;
}
